
Microsoft Visual Studio Solution File, Format Version 12.00
# Visual Studio 15
Project("{FAE04EC0-301F-11D3-BF4B-00C04F79EFBC}") = "PoGoChatbot", "PoGoChatbot\PoGoChatbot.csproj", "{35DA311C-EDAA-4DFA-9CAD-628E75359DCA}"
EndProject
Project("{FAE04EC0-301F-11D3-BF4B-00C04F79EFBC}") = "GroupMeExtensions", "GroupMeExtensions\GroupMeExtensions.csproj", "{6C0667CB-53D8-4195-9622-A36ED9315928}"
EndProject
Global
	GlobalSection(SolutionConfigurationPlatforms) = preSolution
		Debug|Any CPU = Debug|Any CPU
		Release|Any CPU = Release|Any CPU
	EndGlobalSection
	GlobalSection(ProjectConfigurationPlatforms) = postSolution
		{35DA311C-EDAA-4DFA-9CAD-628E75359DCA}.Debug|Any CPU.ActiveCfg = Debug|Any CPU
		{35DA311C-EDAA-4DFA-9CAD-628E75359DCA}.Debug|Any CPU.Build.0 = Debug|Any CPU
		{35DA311C-EDAA-4DFA-9CAD-628E75359DCA}.Release|Any CPU.ActiveCfg = Release|Any CPU
		{35DA311C-EDAA-4DFA-9CAD-628E75359DCA}.Release|Any CPU.Build.0 = Release|Any CPU
		{6C0667CB-53D8-4195-9622-A36ED9315928}.Debug|Any CPU.ActiveCfg = Debug|Any CPU
		{6C0667CB-53D8-4195-9622-A36ED9315928}.Debug|Any CPU.Build.0 = Debug|Any CPU
		{6C0667CB-53D8-4195-9622-A36ED9315928}.Release|Any CPU.ActiveCfg = Release|Any CPU
		{6C0667CB-53D8-4195-9622-A36ED9315928}.Release|Any CPU.Build.0 = Release|Any CPU
	EndGlobalSection
	GlobalSection(MonoDevelopProperties) = preSolution
		Policies = $0
		$0.TextStylePolicy = $1
		$1.inheritsSet = null
		$1.scope = text/x-csharp
		$0.CSharpFormattingPolicy = $2
		$2.scope = text/x-csharp
		$0.TextStylePolicy = $3
		$3.FileWidth = 80
		$3.TabsToSpaces = True
		$3.scope = text/plain
		$0.TextStylePolicy = $4
		$4.inheritsSet = null
		$4.scope = text/x-vs
		$0.TextStylePolicy = $5
		$5.TabsToSpaces = True
		$5.NoTabsAfterNonTabs = True
		$5.scope = text/x-json
		$0.JSONFormattingPolicy = $6
		$6.AutoStructureCompletion = True
		$6.BracePositions = SemiExpanded
		$6.FormatOnPaste = True
		$6.scope = text/x-json
		$0.StandardHeader = $7
	EndGlobalSection
EndGlobal
